
Microsoft Visual Studio Solution File, Format Version 12.00
# Visual Studio 15
VisualStudioVersion = 15.0.26403.0
MinimumVisualStudioVersion = 10.0.40219.1
Project("{2150E333-8FDC-42A3-9474-1A3956D46DE8}") = "src", "src", "{197F3100-FE7B-4E59-993B-F237B456A1BE}"
EndProject
Project("{2150E333-8FDC-42A3-9474-1A3956D46DE8}") = "test", "test", "{638384E2-E2D0-4ACE-8EFA-623216AC9792}"
EndProject
Project("{2150E333-8FDC-42A3-9474-1A3956D46DE8}") = "Services", "Services", "{36F7CF99-D08B-4E5E-A8BC-65DBF2184768}"
EndProject
Project("{2150E333-8FDC-42A3-9474-1A3956D46DE8}") = "Mobile Apps", "Mobile Apps", "{D1DDD41A-C49D-47BF-B486-71E417D98E3C}"
EndProject
Project("{2150E333-8FDC-42A3-9474-1A3956D46DE8}") = "Web Apps", "Web Apps", "{AA1899A6-F9CC-4B83-BE0A-2C603355AEF7}"
EndProject
Project("{2150E333-8FDC-42A3-9474-1A3956D46DE8}") = "Desktop Apps", "Desktop Apps", "{2EC940D8-4129-4B13-85CB-7F6E7A56F2D0}"
EndProject
Project("{2150E333-8FDC-42A3-9474-1A3956D46DE8}") = "Identity", "Identity", "{C0B8A57B-D52D-4140-8EF5-FAF02E6BE1A0}"
EndProject
Project("{FAE04EC0-301F-11D3-BF4B-00C04F79EFBC}") = "Identity.API", "Identity.API\Identity.API.csproj", "{4B8609C0-B631-40AF-805C-ED3899A69AC1}"
EndProject
Project("{FAE04EC0-301F-11D3-BF4B-00C04F79EFBC}") = "WebMVC", "WebMVC\WebMVC.csproj", "{B23C3B50-74CC-4458-AAE5-391A2175FDFB}"
EndProject
Project("{2150E333-8FDC-42A3-9474-1A3956D46DE8}") = "Accounting", "Accounting", "{82E959E1-B239-44EC-9C3A-83904CF06611}"
EndProject
Project("{FAE04EC0-301F-11D3-BF4B-00C04F79EFBC}") = "Accounting.Distributed.RouterReporter", "Accounting.RouterReporter\Accounting.Distributed.RouterReporter.csproj", "{C278AED6-63E4-4D50-8069-04155E5E183E}"
EndProject
Project("{FAE04EC0-301F-11D3-BF4B-00C04F79EFBC}") = "Accounting.Distributed.LoginManagement.API", "Login.API\Accounting.Distributed.LoginManagement.API.csproj", "{7C87311A-F621-47B9-9E29-05273866B600}"
EndProject
Project("{FAE04EC0-301F-11D3-BF4B-00C04F79EFBC}") = "Accounting.API", "Accounting.API\Accounting.API.csproj", "{91B29E5C-B19C-46AE-BA5F-A0CD5DA8638C}"
EndProject
Project("{2150E333-8FDC-42A3-9474-1A3956D46DE8}") = "Shared", "Shared", "{EFD31F25-0E31-4BA8-92D3-1327C40F8613}"
EndProject
Project("{2150E333-8FDC-42A3-9474-1A3956D46DE8}") = "Ordering", "Ordering", "{6A583099-68A6-40F1-802D-FFD580B0CA2D}"
EndProject
Project("{FAE04EC0-301F-11D3-BF4B-00C04F79EFBC}") = "Ordering.API", "Ordering.API\Ordering.API.csproj", "{3D4B858F-6309-4FA2-9F4D-F98DCED207C4}"
EndProject
Project("{FAE04EC0-301F-11D3-BF4B-00C04F79EFBC}") = "Ordering.Infrastructure", "Ordering.Infrastructure\Ordering.Infrastructure.csproj", "{160F983B-B90B-41BD-8169-3A4936C086C6}"
EndProject
Project("{2150E333-8FDC-42A3-9474-1A3956D46DE8}") = "Services", "Services", "{B0B7AFAF-4FF3-4E57-9372-BDA0609FC387}"
EndProject
Project("{FAE04EC0-301F-11D3-BF4B-00C04F79EFBC}") = "UnitTest", "UnitTest\UnitTest.csproj", "{8E497F44-8F67-481E-82ED-E9685F2C72FF}"
EndProject
Project("{2150E333-8FDC-42A3-9474-1A3956D46DE8}") = "Server", "Server", "{4E75A490-D861-40DA-A8E3-ADB73AE8CB4C}"
EndProject
Project("{FAE04EC0-301F-11D3-BF4B-00C04F79EFBC}") = "Server.API", "Server.API\Server.API.csproj", "{38441BC1-499D-449F-BE0A-55DFCBCF7AB4}"
EndProject
Project("{2150E333-8FDC-42A3-9474-1A3956D46DE8}") = "Targets", "Targets", "{4F16122B-C296-4449-9520-8F22D0AF60FA}"
EndProject
Project("{FAE04EC0-301F-11D3-BF4B-00C04F79EFBC}") = "Windows", "Windows\Windows.csproj", "{F7C13778-8AEC-4150-A472-409ED45FAFF7}"
EndProject
Project("{D954291E-2A0B-460D-934E-DC6B0785DB48}") = "SharedProject", "SharedProject\SharedProject.shproj", "{CD3C2EAF-5E48-4310-9C56-3E0E449E6C76}"
EndProject
Project("{2150E333-8FDC-42A3-9474-1A3956D46DE8}") = "Database", "Database", "{29F664E3-974A-4D04-B9D0-E1B0D4263756}"
EndProject
Project("{00D1A9C2-B5F0-4AF3-8072-F6C62B433612}") = "CLR", "CLR\CLR.sqlproj", "{AC5A1086-085F-47C9-91E7-A632B0436696}"
EndProject
Project("{FAE04EC0-301F-11D3-BF4B-00C04F79EFBC}") = "UnitTest.Windows", "UnitTest.Windows\UnitTest.Windows.csproj", "{1C16E804-F781-4E72-A6B4-4122FBF0A5F2}"
EndProject
Project("{2150E333-8FDC-42A3-9474-1A3956D46DE8}") = "Tools", "Tools", "{055E586A-D5A5-40F9-B401-79D7BC796EDA}"
EndProject
Project("{FAE04EC0-301F-11D3-BF4B-00C04F79EFBC}") = "Iptable", "Iptable\Iptable.csproj", "{480CBA03-658D-4C65-A9DD-99FB9B1A857F}"
EndProject
Project("{FAE04EC0-301F-11D3-BF4B-00C04F79EFBC}") = "Accounting.Distributed.RouterReporterTests", "Accounting.Distributed.RouterReporterTests\Accounting.Distributed.RouterReporterTests.csproj", "{D734937F-C759-4103-A243-9E964BA68218}"
EndProject
Global
	GlobalSection(SharedMSBuildProjectFiles) = preSolution
		SharedProject\SharedProject.projitems*{c278aed6-63e4-4d50-8069-04155e5e183e}*SharedItemsImports = 4
		SharedProject\SharedProject.projitems*{cd3c2eaf-5e48-4310-9c56-3e0e449e6c76}*SharedItemsImports = 13
	EndGlobalSection
	GlobalSection(SolutionConfigurationPlatforms) = preSolution
		Debug|Any CPU = Debug|Any CPU
		Release|Any CPU = Release|Any CPU
	EndGlobalSection
	GlobalSection(ProjectConfigurationPlatforms) = postSolution
		{4B8609C0-B631-40AF-805C-ED3899A69AC1}.Debug|Any CPU.ActiveCfg = Debug|Any CPU
		{4B8609C0-B631-40AF-805C-ED3899A69AC1}.Debug|Any CPU.Build.0 = Debug|Any CPU
		{4B8609C0-B631-40AF-805C-ED3899A69AC1}.Release|Any CPU.ActiveCfg = Release|Any CPU
		{4B8609C0-B631-40AF-805C-ED3899A69AC1}.Release|Any CPU.Build.0 = Release|Any CPU
		{B23C3B50-74CC-4458-AAE5-391A2175FDFB}.Debug|Any CPU.ActiveCfg = Debug|Any CPU
		{B23C3B50-74CC-4458-AAE5-391A2175FDFB}.Debug|Any CPU.Build.0 = Debug|Any CPU
		{B23C3B50-74CC-4458-AAE5-391A2175FDFB}.Release|Any CPU.ActiveCfg = Release|Any CPU
		{B23C3B50-74CC-4458-AAE5-391A2175FDFB}.Release|Any CPU.Build.0 = Release|Any CPU
		{C278AED6-63E4-4D50-8069-04155E5E183E}.Debug|Any CPU.ActiveCfg = Debug|Any CPU
		{C278AED6-63E4-4D50-8069-04155E5E183E}.Debug|Any CPU.Build.0 = Debug|Any CPU
		{C278AED6-63E4-4D50-8069-04155E5E183E}.Release|Any CPU.ActiveCfg = Release|Any CPU
		{C278AED6-63E4-4D50-8069-04155E5E183E}.Release|Any CPU.Build.0 = Release|Any CPU
		{7C87311A-F621-47B9-9E29-05273866B600}.Debug|Any CPU.ActiveCfg = Debug|Any CPU
		{7C87311A-F621-47B9-9E29-05273866B600}.Debug|Any CPU.Build.0 = Debug|Any CPU
		{7C87311A-F621-47B9-9E29-05273866B600}.Release|Any CPU.ActiveCfg = Release|Any CPU
		{7C87311A-F621-47B9-9E29-05273866B600}.Release|Any CPU.Build.0 = Release|Any CPU
		{91B29E5C-B19C-46AE-BA5F-A0CD5DA8638C}.Debug|Any CPU.ActiveCfg = Debug|Any CPU
		{91B29E5C-B19C-46AE-BA5F-A0CD5DA8638C}.Debug|Any CPU.Build.0 = Debug|Any CPU
		{91B29E5C-B19C-46AE-BA5F-A0CD5DA8638C}.Release|Any CPU.ActiveCfg = Release|Any CPU
		{91B29E5C-B19C-46AE-BA5F-A0CD5DA8638C}.Release|Any CPU.Build.0 = Release|Any CPU
		{3D4B858F-6309-4FA2-9F4D-F98DCED207C4}.Debug|Any CPU.ActiveCfg = Debug|Any CPU
		{3D4B858F-6309-4FA2-9F4D-F98DCED207C4}.Debug|Any CPU.Build.0 = Debug|Any CPU
		{3D4B858F-6309-4FA2-9F4D-F98DCED207C4}.Release|Any CPU.ActiveCfg = Release|Any CPU
		{3D4B858F-6309-4FA2-9F4D-F98DCED207C4}.Release|Any CPU.Build.0 = Release|Any CPU
		{160F983B-B90B-41BD-8169-3A4936C086C6}.Debug|Any CPU.ActiveCfg = Debug|Any CPU
		{160F983B-B90B-41BD-8169-3A4936C086C6}.Debug|Any CPU.Build.0 = Debug|Any CPU
		{160F983B-B90B-41BD-8169-3A4936C086C6}.Release|Any CPU.ActiveCfg = Release|Any CPU
		{160F983B-B90B-41BD-8169-3A4936C086C6}.Release|Any CPU.Build.0 = Release|Any CPU
		{8E497F44-8F67-481E-82ED-E9685F2C72FF}.Debug|Any CPU.ActiveCfg = Debug|Any CPU
		{8E497F44-8F67-481E-82ED-E9685F2C72FF}.Debug|Any CPU.Build.0 = Debug|Any CPU
		{8E497F44-8F67-481E-82ED-E9685F2C72FF}.Release|Any CPU.ActiveCfg = Release|Any CPU
		{8E497F44-8F67-481E-82ED-E9685F2C72FF}.Release|Any CPU.Build.0 = Release|Any CPU
		{38441BC1-499D-449F-BE0A-55DFCBCF7AB4}.Debug|Any CPU.ActiveCfg = Debug|Any CPU
		{38441BC1-499D-449F-BE0A-55DFCBCF7AB4}.Debug|Any CPU.Build.0 = Debug|Any CPU
		{38441BC1-499D-449F-BE0A-55DFCBCF7AB4}.Release|Any CPU.ActiveCfg = Release|Any CPU
		{38441BC1-499D-449F-BE0A-55DFCBCF7AB4}.Release|Any CPU.Build.0 = Release|Any CPU
		{F7C13778-8AEC-4150-A472-409ED45FAFF7}.Debug|Any CPU.ActiveCfg = Debug|Any CPU
		{F7C13778-8AEC-4150-A472-409ED45FAFF7}.Debug|Any CPU.Build.0 = Debug|Any CPU
		{F7C13778-8AEC-4150-A472-409ED45FAFF7}.Release|Any CPU.ActiveCfg = Release|Any CPU
		{F7C13778-8AEC-4150-A472-409ED45FAFF7}.Release|Any CPU.Build.0 = Release|Any CPU
		{AC5A1086-085F-47C9-91E7-A632B0436696}.Debug|Any CPU.ActiveCfg = Debug|Any CPU
		{AC5A1086-085F-47C9-91E7-A632B0436696}.Debug|Any CPU.Build.0 = Debug|Any CPU
		{AC5A1086-085F-47C9-91E7-A632B0436696}.Debug|Any CPU.Deploy.0 = Debug|Any CPU
		{AC5A1086-085F-47C9-91E7-A632B0436696}.Release|Any CPU.ActiveCfg = Release|Any CPU
		{AC5A1086-085F-47C9-91E7-A632B0436696}.Release|Any CPU.Build.0 = Release|Any CPU
		{AC5A1086-085F-47C9-91E7-A632B0436696}.Release|Any CPU.Deploy.0 = Release|Any CPU
		{1C16E804-F781-4E72-A6B4-4122FBF0A5F2}.Debug|Any CPU.ActiveCfg = Debug|Any CPU
		{1C16E804-F781-4E72-A6B4-4122FBF0A5F2}.Debug|Any CPU.Build.0 = Debug|Any CPU
		{1C16E804-F781-4E72-A6B4-4122FBF0A5F2}.Release|Any CPU.ActiveCfg = Release|Any CPU
		{1C16E804-F781-4E72-A6B4-4122FBF0A5F2}.Release|Any CPU.Build.0 = Release|Any CPU
		{480CBA03-658D-4C65-A9DD-99FB9B1A857F}.Debug|Any CPU.ActiveCfg = Debug|Any CPU
		{480CBA03-658D-4C65-A9DD-99FB9B1A857F}.Debug|Any CPU.Build.0 = Debug|Any CPU
		{480CBA03-658D-4C65-A9DD-99FB9B1A857F}.Release|Any CPU.ActiveCfg = Release|Any CPU
		{480CBA03-658D-4C65-A9DD-99FB9B1A857F}.Release|Any CPU.Build.0 = Release|Any CPU
		{D734937F-C759-4103-A243-9E964BA68218}.Debug|Any CPU.ActiveCfg = Debug|Any CPU
		{D734937F-C759-4103-A243-9E964BA68218}.Debug|Any CPU.Build.0 = Debug|Any CPU
		{D734937F-C759-4103-A243-9E964BA68218}.Release|Any CPU.ActiveCfg = Release|Any CPU
		{D734937F-C759-4103-A243-9E964BA68218}.Release|Any CPU.Build.0 = Release|Any CPU
	EndGlobalSection
	GlobalSection(SolutionProperties) = preSolution
		HideSolutionNode = FALSE
	EndGlobalSection
	GlobalSection(NestedProjects) = preSolution
		{36F7CF99-D08B-4E5E-A8BC-65DBF2184768} = {197F3100-FE7B-4E59-993B-F237B456A1BE}
		{D1DDD41A-C49D-47BF-B486-71E417D98E3C} = {197F3100-FE7B-4E59-993B-F237B456A1BE}
		{AA1899A6-F9CC-4B83-BE0A-2C603355AEF7} = {197F3100-FE7B-4E59-993B-F237B456A1BE}
		{2EC940D8-4129-4B13-85CB-7F6E7A56F2D0} = {197F3100-FE7B-4E59-993B-F237B456A1BE}
		{C0B8A57B-D52D-4140-8EF5-FAF02E6BE1A0} = {36F7CF99-D08B-4E5E-A8BC-65DBF2184768}
		{4B8609C0-B631-40AF-805C-ED3899A69AC1} = {C0B8A57B-D52D-4140-8EF5-FAF02E6BE1A0}
		{B23C3B50-74CC-4458-AAE5-391A2175FDFB} = {AA1899A6-F9CC-4B83-BE0A-2C603355AEF7}
		{82E959E1-B239-44EC-9C3A-83904CF06611} = {36F7CF99-D08B-4E5E-A8BC-65DBF2184768}
		{C278AED6-63E4-4D50-8069-04155E5E183E} = {82E959E1-B239-44EC-9C3A-83904CF06611}
		{7C87311A-F621-47B9-9E29-05273866B600} = {82E959E1-B239-44EC-9C3A-83904CF06611}
		{91B29E5C-B19C-46AE-BA5F-A0CD5DA8638C} = {82E959E1-B239-44EC-9C3A-83904CF06611}
		{EFD31F25-0E31-4BA8-92D3-1327C40F8613} = {197F3100-FE7B-4E59-993B-F237B456A1BE}
		{6A583099-68A6-40F1-802D-FFD580B0CA2D} = {36F7CF99-D08B-4E5E-A8BC-65DBF2184768}
		{3D4B858F-6309-4FA2-9F4D-F98DCED207C4} = {6A583099-68A6-40F1-802D-FFD580B0CA2D}
		{160F983B-B90B-41BD-8169-3A4936C086C6} = {6A583099-68A6-40F1-802D-FFD580B0CA2D}
		{B0B7AFAF-4FF3-4E57-9372-BDA0609FC387} = {638384E2-E2D0-4ACE-8EFA-623216AC9792}
		{8E497F44-8F67-481E-82ED-E9685F2C72FF} = {B0B7AFAF-4FF3-4E57-9372-BDA0609FC387}
		{4E75A490-D861-40DA-A8E3-ADB73AE8CB4C} = {36F7CF99-D08B-4E5E-A8BC-65DBF2184768}
		{38441BC1-499D-449F-BE0A-55DFCBCF7AB4} = {4E75A490-D861-40DA-A8E3-ADB73AE8CB4C}
		{4F16122B-C296-4449-9520-8F22D0AF60FA} = {2EC940D8-4129-4B13-85CB-7F6E7A56F2D0}
		{F7C13778-8AEC-4150-A472-409ED45FAFF7} = {4F16122B-C296-4449-9520-8F22D0AF60FA}
		{CD3C2EAF-5E48-4310-9C56-3E0E449E6C76} = {EFD31F25-0E31-4BA8-92D3-1327C40F8613}
		{29F664E3-974A-4D04-B9D0-E1B0D4263756} = {36F7CF99-D08B-4E5E-A8BC-65DBF2184768}
		{AC5A1086-085F-47C9-91E7-A632B0436696} = {29F664E3-974A-4D04-B9D0-E1B0D4263756}
		{1C16E804-F781-4E72-A6B4-4122FBF0A5F2} = {B0B7AFAF-4FF3-4E57-9372-BDA0609FC387}
		{055E586A-D5A5-40F9-B401-79D7BC796EDA} = {197F3100-FE7B-4E59-993B-F237B456A1BE}
		{480CBA03-658D-4C65-A9DD-99FB9B1A857F} = {055E586A-D5A5-40F9-B401-79D7BC796EDA}
		{D734937F-C759-4103-A243-9E964BA68218} = {638384E2-E2D0-4ACE-8EFA-623216AC9792}
	EndGlobalSection
EndGlobal
