
Microsoft Visual Studio Solution File, Format Version 12.00
# Visual Studio 15
VisualStudioVersion = 15.0.26228.4
MinimumVisualStudioVersion = 10.0.40219.1
Project("{2150E333-8FDC-42A3-9474-1A3956D46DE8}") = "src", "src", "{197F3100-FE7B-4E59-993B-F237B456A1BE}"
EndProject
Project("{2150E333-8FDC-42A3-9474-1A3956D46DE8}") = "test", "test", "{638384E2-E2D0-4ACE-8EFA-623216AC9792}"
EndProject
Project("{2150E333-8FDC-42A3-9474-1A3956D46DE8}") = "Services", "Services", "{36F7CF99-D08B-4E5E-A8BC-65DBF2184768}"
EndProject
Project("{2150E333-8FDC-42A3-9474-1A3956D46DE8}") = "Mobile Apps", "Mobile Apps", "{D1DDD41A-C49D-47BF-B486-71E417D98E3C}"
EndProject
Project("{2150E333-8FDC-42A3-9474-1A3956D46DE8}") = "Web Apps", "Web Apps", "{AA1899A6-F9CC-4B83-BE0A-2C603355AEF7}"
EndProject
Project("{2150E333-8FDC-42A3-9474-1A3956D46DE8}") = "Desktop Apps", "Desktop Apps", "{2EC940D8-4129-4B13-85CB-7F6E7A56F2D0}"
EndProject
Project("{2150E333-8FDC-42A3-9474-1A3956D46DE8}") = "Identity", "Identity", "{C0B8A57B-D52D-4140-8EF5-FAF02E6BE1A0}"
EndProject
Project("{FAE04EC0-301F-11D3-BF4B-00C04F79EFBC}") = "Identity.API", "Identity.API\Identity.API.csproj", "{4B8609C0-B631-40AF-805C-ED3899A69AC1}"
EndProject
Project("{FAE04EC0-301F-11D3-BF4B-00C04F79EFBC}") = "WebMVC", "WebMVC\WebMVC.csproj", "{B23C3B50-74CC-4458-AAE5-391A2175FDFB}"
EndProject
Global
	GlobalSection(SolutionConfigurationPlatforms) = preSolution
		Debug|Any CPU = Debug|Any CPU
		Release|Any CPU = Release|Any CPU
	EndGlobalSection
	GlobalSection(ProjectConfigurationPlatforms) = postSolution
		{4B8609C0-B631-40AF-805C-ED3899A69AC1}.Debug|Any CPU.ActiveCfg = Debug|Any CPU
		{4B8609C0-B631-40AF-805C-ED3899A69AC1}.Debug|Any CPU.Build.0 = Debug|Any CPU
		{4B8609C0-B631-40AF-805C-ED3899A69AC1}.Release|Any CPU.ActiveCfg = Release|Any CPU
		{4B8609C0-B631-40AF-805C-ED3899A69AC1}.Release|Any CPU.Build.0 = Release|Any CPU
		{B23C3B50-74CC-4458-AAE5-391A2175FDFB}.Debug|Any CPU.ActiveCfg = Debug|Any CPU
		{B23C3B50-74CC-4458-AAE5-391A2175FDFB}.Debug|Any CPU.Build.0 = Debug|Any CPU
		{B23C3B50-74CC-4458-AAE5-391A2175FDFB}.Release|Any CPU.ActiveCfg = Release|Any CPU
		{B23C3B50-74CC-4458-AAE5-391A2175FDFB}.Release|Any CPU.Build.0 = Release|Any CPU
	EndGlobalSection
	GlobalSection(SolutionProperties) = preSolution
		HideSolutionNode = FALSE
	EndGlobalSection
	GlobalSection(NestedProjects) = preSolution
		{36F7CF99-D08B-4E5E-A8BC-65DBF2184768} = {197F3100-FE7B-4E59-993B-F237B456A1BE}
		{D1DDD41A-C49D-47BF-B486-71E417D98E3C} = {197F3100-FE7B-4E59-993B-F237B456A1BE}
		{AA1899A6-F9CC-4B83-BE0A-2C603355AEF7} = {197F3100-FE7B-4E59-993B-F237B456A1BE}
		{2EC940D8-4129-4B13-85CB-7F6E7A56F2D0} = {197F3100-FE7B-4E59-993B-F237B456A1BE}
		{C0B8A57B-D52D-4140-8EF5-FAF02E6BE1A0} = {36F7CF99-D08B-4E5E-A8BC-65DBF2184768}
		{4B8609C0-B631-40AF-805C-ED3899A69AC1} = {C0B8A57B-D52D-4140-8EF5-FAF02E6BE1A0}
		{B23C3B50-74CC-4458-AAE5-391A2175FDFB} = {AA1899A6-F9CC-4B83-BE0A-2C603355AEF7}
	EndGlobalSection
EndGlobal
